
Microsoft Visual Studio Solution File, Format Version 12.00
# Visual Studio Version 17
VisualStudioVersion = 17.2.32616.157
MinimumVisualStudioVersion = 10.0.40219.1
Project("{9A19103F-16F7-4668-BE54-9A1E7A4F7556}") = "Company.Domain", "Company.Domain\Company.Domain.csproj", "{F4BDBB7A-D878-4CFA-A801-A3334824F139}"
EndProject
Project("{9A19103F-16F7-4668-BE54-9A1E7A4F7556}") = "Company.Dal", "Company.Dal\Company.Dal.csproj", "{927C5CF1-4DE0-403B-BA02-5C694A6AA4D3}"
EndProject
Project("{9A19103F-16F7-4668-BE54-9A1E7A4F7556}") = "Company.Service", "Company.Service\Company.Service.csproj", "{3EA34346-B5D3-47E7-884E-034B758383DA}"
EndProject
Project("{9A19103F-16F7-4668-BE54-9A1E7A4F7556}") = "Company.Api", "Company.Api\Company.Api.csproj", "{1B727A96-14B3-4C10-934F-8B0E643A0D2C}"
EndProject
Project("{FAE04EC0-301F-11D3-BF4B-00C04F79EFBC}") = "Company.Test", "Company.Test\Company.Test.csproj", "{91C2FADD-E91F-4140-A7B2-47FF9387EC9C}"
EndProject
Global
	GlobalSection(SolutionConfigurationPlatforms) = preSolution
		Debug|Any CPU = Debug|Any CPU
		Release|Any CPU = Release|Any CPU
	EndGlobalSection
	GlobalSection(ProjectConfigurationPlatforms) = postSolution
		{F4BDBB7A-D878-4CFA-A801-A3334824F139}.Debug|Any CPU.ActiveCfg = Debug|Any CPU
		{F4BDBB7A-D878-4CFA-A801-A3334824F139}.Debug|Any CPU.Build.0 = Debug|Any CPU
		{F4BDBB7A-D878-4CFA-A801-A3334824F139}.Release|Any CPU.ActiveCfg = Release|Any CPU
		{F4BDBB7A-D878-4CFA-A801-A3334824F139}.Release|Any CPU.Build.0 = Release|Any CPU
		{927C5CF1-4DE0-403B-BA02-5C694A6AA4D3}.Debug|Any CPU.ActiveCfg = Debug|Any CPU
		{927C5CF1-4DE0-403B-BA02-5C694A6AA4D3}.Debug|Any CPU.Build.0 = Debug|Any CPU
		{927C5CF1-4DE0-403B-BA02-5C694A6AA4D3}.Release|Any CPU.ActiveCfg = Release|Any CPU
		{927C5CF1-4DE0-403B-BA02-5C694A6AA4D3}.Release|Any CPU.Build.0 = Release|Any CPU
		{3EA34346-B5D3-47E7-884E-034B758383DA}.Debug|Any CPU.ActiveCfg = Debug|Any CPU
		{3EA34346-B5D3-47E7-884E-034B758383DA}.Debug|Any CPU.Build.0 = Debug|Any CPU
		{3EA34346-B5D3-47E7-884E-034B758383DA}.Release|Any CPU.ActiveCfg = Release|Any CPU
		{3EA34346-B5D3-47E7-884E-034B758383DA}.Release|Any CPU.Build.0 = Release|Any CPU
		{1B727A96-14B3-4C10-934F-8B0E643A0D2C}.Debug|Any CPU.ActiveCfg = Debug|Any CPU
		{1B727A96-14B3-4C10-934F-8B0E643A0D2C}.Debug|Any CPU.Build.0 = Debug|Any CPU
		{1B727A96-14B3-4C10-934F-8B0E643A0D2C}.Release|Any CPU.ActiveCfg = Release|Any CPU
		{1B727A96-14B3-4C10-934F-8B0E643A0D2C}.Release|Any CPU.Build.0 = Release|Any CPU
		{91C2FADD-E91F-4140-A7B2-47FF9387EC9C}.Debug|Any CPU.ActiveCfg = Debug|Any CPU
		{91C2FADD-E91F-4140-A7B2-47FF9387EC9C}.Debug|Any CPU.Build.0 = Debug|Any CPU
		{91C2FADD-E91F-4140-A7B2-47FF9387EC9C}.Release|Any CPU.ActiveCfg = Release|Any CPU
		{91C2FADD-E91F-4140-A7B2-47FF9387EC9C}.Release|Any CPU.Build.0 = Release|Any CPU
	EndGlobalSection
	GlobalSection(SolutionProperties) = preSolution
		HideSolutionNode = FALSE
	EndGlobalSection
	GlobalSection(ExtensibilityGlobals) = postSolution
		SolutionGuid = {CCBAB034-7A46-4CF2-B3C9-516DEE9E4D61}
	EndGlobalSection
EndGlobal
